
Microsoft Visual Studio Solution File, Format Version 12.00
# Visual Studio Version 17
VisualStudioVersion = 17.4.33122.133
MinimumVisualStudioVersion = 10.0.40219.1
Project("{8BC9CEB8-8B4A-11D0-8D11-00A0C91BC942}") = "msg_server_application", "msg_server_application.vcxproj", "{71801D21-29EF-4AA6-B6D6-FB644EE1E459}"
EndProject
Global
	GlobalSection(SolutionConfigurationPlatforms) = preSolution
		Debug|x64 = Debug|x64
		Debug|x86 = Debug|x86
		Release|x64 = Release|x64
		Release|x86 = Release|x86
	EndGlobalSection
	GlobalSection(ProjectConfigurationPlatforms) = postSolution
		{71801D21-29EF-4AA6-B6D6-FB644EE1E459}.Debug|x64.ActiveCfg = Debug|x64
		{71801D21-29EF-4AA6-B6D6-FB644EE1E459}.Debug|x64.Build.0 = Debug|x64
		{71801D21-29EF-4AA6-B6D6-FB644EE1E459}.Debug|x86.ActiveCfg = Debug|Win32
		{71801D21-29EF-4AA6-B6D6-FB644EE1E459}.Debug|x86.Build.0 = Debug|Win32
		{71801D21-29EF-4AA6-B6D6-FB644EE1E459}.Release|x64.ActiveCfg = Release|x64
		{71801D21-29EF-4AA6-B6D6-FB644EE1E459}.Release|x64.Build.0 = Release|x64
		{71801D21-29EF-4AA6-B6D6-FB644EE1E459}.Release|x86.ActiveCfg = Release|Win32
		{71801D21-29EF-4AA6-B6D6-FB644EE1E459}.Release|x86.Build.0 = Release|Win32
	EndGlobalSection
	GlobalSection(SolutionProperties) = preSolution
		HideSolutionNode = FALSE
	EndGlobalSection
	GlobalSection(ExtensibilityGlobals) = postSolution
		SolutionGuid = {F49710EA-183C-4A14-A761-A344B99B2825}
	EndGlobalSection
EndGlobal
